
Microsoft Visual Studio Solution File, Format Version 12.00
# Visual Studio 15
VisualStudioVersion = 15.0.26403.7
MinimumVisualStudioVersion = 10.0.40219.1
Project("{9A19103F-16F7-4668-BE54-9A1E7A4F7556}") = "ProducerConsumerDataflowPattern", "Producer-ConsumerDataflowPattern\ProducerConsumerDataflowPattern.csproj", "{3618C906-8662-4A4A-B9C3-AE9F3120A633}"
EndProject
Project("{9A19103F-16F7-4668-BE54-9A1E7A4F7556}") = "InterlockedTrial", "nterlockedExchange_Example\InterlockedTrial.csproj", "{C6920BEC-3C8E-4B3D-BD65-7B3219AE0564}"
EndProject
Project("{9A19103F-16F7-4668-BE54-9A1E7A4F7556}") = "BlockingCollectionTrial", "BlockingCollectionTrial\BlockingCollectionTrial.csproj", "{A8B16C9C-9333-4A91-B463-E63145616001}"
EndProject
Project("{FAE04EC0-301F-11D3-BF4B-00C04F79EFBC}") = "a", "a\a.csproj", "{028169E0-4CE9-482E-9E2F-6BA4CE93B39A}"
EndProject
Global
	GlobalSection(SolutionConfigurationPlatforms) = preSolution
		Debug|Any CPU = Debug|Any CPU
		Release|Any CPU = Release|Any CPU
	EndGlobalSection
	GlobalSection(ProjectConfigurationPlatforms) = postSolution
		{3618C906-8662-4A4A-B9C3-AE9F3120A633}.Debug|Any CPU.ActiveCfg = Debug|Any CPU
		{3618C906-8662-4A4A-B9C3-AE9F3120A633}.Debug|Any CPU.Build.0 = Debug|Any CPU
		{3618C906-8662-4A4A-B9C3-AE9F3120A633}.Release|Any CPU.ActiveCfg = Release|Any CPU
		{3618C906-8662-4A4A-B9C3-AE9F3120A633}.Release|Any CPU.Build.0 = Release|Any CPU
		{C6920BEC-3C8E-4B3D-BD65-7B3219AE0564}.Debug|Any CPU.ActiveCfg = Debug|Any CPU
		{C6920BEC-3C8E-4B3D-BD65-7B3219AE0564}.Debug|Any CPU.Build.0 = Debug|Any CPU
		{C6920BEC-3C8E-4B3D-BD65-7B3219AE0564}.Release|Any CPU.ActiveCfg = Release|Any CPU
		{C6920BEC-3C8E-4B3D-BD65-7B3219AE0564}.Release|Any CPU.Build.0 = Release|Any CPU
		{A8B16C9C-9333-4A91-B463-E63145616001}.Debug|Any CPU.ActiveCfg = Debug|Any CPU
		{A8B16C9C-9333-4A91-B463-E63145616001}.Debug|Any CPU.Build.0 = Debug|Any CPU
		{A8B16C9C-9333-4A91-B463-E63145616001}.Release|Any CPU.ActiveCfg = Release|Any CPU
		{A8B16C9C-9333-4A91-B463-E63145616001}.Release|Any CPU.Build.0 = Release|Any CPU
		{028169E0-4CE9-482E-9E2F-6BA4CE93B39A}.Debug|Any CPU.ActiveCfg = Debug|Any CPU
		{028169E0-4CE9-482E-9E2F-6BA4CE93B39A}.Debug|Any CPU.Build.0 = Debug|Any CPU
		{028169E0-4CE9-482E-9E2F-6BA4CE93B39A}.Release|Any CPU.ActiveCfg = Release|Any CPU
		{028169E0-4CE9-482E-9E2F-6BA4CE93B39A}.Release|Any CPU.Build.0 = Release|Any CPU
	EndGlobalSection
	GlobalSection(SolutionProperties) = preSolution
		HideSolutionNode = FALSE
	EndGlobalSection
EndGlobal
